{
  "version": 4,
  "terraform_version": "1.9.2",
  "serial": 10,
  "lineage": "2e2dc69e-5d1a-1c07-c1fa-2254135f1abf",
  "outputs": {
    "debug": {
      "value": [
        {
          "description": "Members of this group can add, modify, and delete items within the team project.",
          "descriptor": "vssgp.Uy0xLTktMTU1MTM3NDI0NS00MTYwNTY5MDM0LTE3NjcyMTk5Ny0zMDExNTgyMzk2LTc5NjAwNDU1My0xLTQwODgwMTgxNzAtMjU1ODYzNjYxOS0yNTYwMDYyNTU2LTIwMDYzMzExNjU",
          "display_name": "Contributors",
          "domain": "vstfs:///Classification/TeamProject/ca3efdf7-880a-4d90-b381-19bc2f7210c9",
          "id": "2d7b11bd-4514-47cc-98ae-41ab93db5f4f",
          "mail_address": "",
          "origin": "vsts",
          "origin_id": "2d7b11bd-4514-47cc-98ae-41ab93db5f4f",
          "principal_name": "[Cloud Citizens]\\Contributors",
          "url": "https://vssps.dev.azure.com/cloudcitizens/_apis/Graph/Groups/vssgp.Uy0xLTktMTU1MTM3NDI0NS00MTYwNTY5MDM0LTE3NjcyMTk5Ny0zMDExNTgyMzk2LTc5NjAwNDU1My0xLTQwODgwMTgxNzAtMjU1ODYzNjYxOS0yNTYwMDYyNTU2LTIwMDYzMzExNjU"
        },
        {
          "description": "Members of this group can create, modify and delete build definitions and manage queued and completed builds.",
          "descriptor": "vssgp.Uy0xLTktMTU1MTM3NDI0NS0yMzQxNjQ0MDAxLTM0ODQ4OTgxMTYtMzE3MDQyNzY3MC05MTIxOTY5NDYtMC0wLTAtMS0y",
          "display_name": "Build Administrators",
          "domain": "vstfs:///Classification/TeamProject/ca3efdf7-880a-4d90-b381-19bc2f7210c9",
          "id": "669872c6-74d7-41ac-aa8d-290a080d2345",
          "mail_address": "",
          "origin": "vsts",
          "origin_id": "669872c6-74d7-41ac-aa8d-290a080d2345",
          "principal_name": "[Cloud Citizens]\\Build Administrators",
          "url": "https://vssps.dev.azure.com/cloudcitizens/_apis/Graph/Groups/vssgp.Uy0xLTktMTU1MTM3NDI0NS0yMzQxNjQ0MDAxLTM0ODQ4OTgxMTYtMzE3MDQyNzY3MC05MTIxOTY5NDYtMC0wLTAtMS0y"
        },
        {
          "description": "Members of this group can perform all operations in the team project.",
          "descriptor": "vssgp.Uy0xLTktMTU1MTM3NDI0NS0yMzQxNjQ0MDAxLTM0ODQ4OTgxMTYtMzE3MDQyNzY3MC05MTIxOTY5NDYtMC0wLTAtMC0x",
          "display_name": "Project Administrators",
          "domain": "vstfs:///Classification/TeamProject/ca3efdf7-880a-4d90-b381-19bc2f7210c9",
          "id": "a2cc7ebd-0fb9-40dc-82fb-f703a6f15a46",
          "mail_address": "",
          "origin": "vsts",
          "origin_id": "a2cc7ebd-0fb9-40dc-82fb-f703a6f15a46",
          "principal_name": "[Cloud Citizens]\\Project Administrators",
          "url": "https://vssps.dev.azure.com/cloudcitizens/_apis/Graph/Groups/vssgp.Uy0xLTktMTU1MTM3NDI0NS0yMzQxNjQ0MDAxLTM0ODQ4OTgxMTYtMzE3MDQyNzY3MC05MTIxOTY5NDYtMC0wLTAtMC0x"
        },
        {
          "description": "Members of this group can perform all operations on Release Management",
          "descriptor": "vssgp.Uy0xLTktMTU1MTM3NDI0NS00MTYwNTY5MDM0LTE3NjcyMTk5Ny0zMDExNTgyMzk2LTc5NjAwNDU1My0xLTE5Nzc0MzM0NC0yNTg5MjcwODYxLTMwMjkwNzE3NzctMTk5Mjg2NzkzMg",
          "display_name": "Release Administrators",
          "domain": "vstfs:///Classification/TeamProject/ca3efdf7-880a-4d90-b381-19bc2f7210c9",
          "id": "b4837c92-6699-4be4-a87b-7f267fc0c60a",
          "mail_address": "",
          "origin": "vsts",
          "origin_id": "b4837c92-6699-4be4-a87b-7f267fc0c60a",
          "principal_name": "[Cloud Citizens]\\Release Administrators",
          "url": "https://vssps.dev.azure.com/cloudcitizens/_apis/Graph/Groups/vssgp.Uy0xLTktMTU1MTM3NDI0NS00MTYwNTY5MDM0LTE3NjcyMTk5Ny0zMDExNTgyMzk2LTc5NjAwNDU1My0xLTE5Nzc0MzM0NC0yNTg5MjcwODYxLTMwMjkwNzE3NzctMTk5Mjg2NzkzMg"
        },
        {
          "description": "Members of this group have access to the team project.",
          "descriptor": "vssgp.Uy0xLTktMTU1MTM3NDI0NS00MTYwNTY5MDM0LTE3NjcyMTk5Ny0zMDExNTgyMzk2LTc5NjAwNDU1My0xLTM4MzUyOTkxNTktMTYyNDg2MDIyOC0yNDE3MTQ3NDMwLTI2MjQ2ODQ3ODY",
          "display_name": "Readers",
          "domain": "vstfs:///Classification/TeamProject/ca3efdf7-880a-4d90-b381-19bc2f7210c9",
          "id": "cc2506d0-4b60-47d6-bd54-c5aead04be3b",
          "mail_address": "",
          "origin": "vsts",
          "origin_id": "cc2506d0-4b60-47d6-bd54-c5aead04be3b",
          "principal_name": "[Cloud Citizens]\\Readers",
          "url": "https://vssps.dev.azure.com/cloudcitizens/_apis/Graph/Groups/vssgp.Uy0xLTktMTU1MTM3NDI0NS00MTYwNTY5MDM0LTE3NjcyMTk5Ny0zMDExNTgyMzk2LTc5NjAwNDU1My0xLTM4MzUyOTkxNTktMTYyNDg2MDIyOC0yNDE3MTQ3NDMwLTI2MjQ2ODQ3ODY"
        },
        {
          "description": "Members of this group have access to the team project.",
          "descriptor": "vssgp.Uy0xLTktMTU1MTM3NDI0NS0yMzQxNjQ0MDAxLTM0ODQ4OTgxMTYtMzE3MDQyNzY3MC05MTIxOTY5NDYtMC0wLTAtMC0z",
          "display_name": "Project Valid Users",
          "domain": "vstfs:///Classification/TeamProject/ca3efdf7-880a-4d90-b381-19bc2f7210c9",
          "id": "32dad5b0-9523-45d0-b37f-28679e1b378b",
          "mail_address": "",
          "origin": "vsts",
          "origin_id": "32dad5b0-9523-45d0-b37f-28679e1b378b",
          "principal_name": "[Cloud Citizens]\\Project Valid Users",
          "url": "https://vssps.dev.azure.com/cloudcitizens/_apis/Graph/Groups/vssgp.Uy0xLTktMTU1MTM3NDI0NS0yMzQxNjQ0MDAxLTM0ODQ4OTgxMTYtMzE3MDQyNzY3MC05MTIxOTY5NDYtMC0wLTAtMC0z"
        },
        {
          "description": "The default project team.",
          "descriptor": "vssgp.Uy0xLTktMTU1MTM3NDI0NS00MTYwNTY5MDM0LTE3NjcyMTk5Ny0zMDExNTgyMzk2LTc5NjAwNDU1My0xLTE0NTUyMDk4NDUtMTg3MjY3NzE5OS0yNDUyNjA5MzA0LTc2MTMyODkw",
          "display_name": "Cloud Citizens Team",
          "domain": "vstfs:///Classification/TeamProject/ca3efdf7-880a-4d90-b381-19bc2f7210c9",
          "id": "8f875b11-276b-4e91-b53d-075c92cea456",
          "mail_address": "",
          "origin": "vsts",
          "origin_id": "8f875b11-276b-4e91-b53d-075c92cea456",
          "principal_name": "[Cloud Citizens]\\Cloud Citizens Team",
          "url": "https://vssps.dev.azure.com/cloudcitizens/_apis/Graph/Groups/vssgp.Uy0xLTktMTU1MTM3NDI0NS00MTYwNTY5MDM0LTE3NjcyMTk5Ny0zMDExNTgyMzk2LTc5NjAwNDU1My0xLTE0NTUyMDk4NDUtMTg3MjY3NzE5OS0yNDUyNjA5MzA0LTc2MTMyODkw"
        }
      ],
      "type": [
        "set",
        [
          "object",
          {
            "description": "string",
            "descriptor": "string",
            "display_name": "string",
            "domain": "string",
            "id": "string",
            "mail_address": "string",
            "origin": "string",
            "origin_id": "string",
            "principal_name": "string",
            "url": "string"
          }
        ]
      ]
    }
  },
  "resources": [
    {
      "module": "module.azuredevops_project[\"Cloud Citizens\"]",
      "mode": "data",
      "type": "azuredevops_groups",
      "name": "this",
      "provider": "provider[\"registry.terraform.io/microsoft/azuredevops\"]",
      "instances": [
        {
          "schema_version": 0,
          "attributes": {
            "groups": [
              {
                "description": "Members of this group can add, modify, and delete items within the team project.",
                "descriptor": "vssgp.Uy0xLTktMTU1MTM3NDI0NS00MTYwNTY5MDM0LTE3NjcyMTk5Ny0zMDExNTgyMzk2LTc5NjAwNDU1My0xLTQwODgwMTgxNzAtMjU1ODYzNjYxOS0yNTYwMDYyNTU2LTIwMDYzMzExNjU",
                "display_name": "Contributors",
                "domain": "vstfs:///Classification/TeamProject/ca3efdf7-880a-4d90-b381-19bc2f7210c9",
                "id": "2d7b11bd-4514-47cc-98ae-41ab93db5f4f",
                "mail_address": "",
                "origin": "vsts",
                "origin_id": "2d7b11bd-4514-47cc-98ae-41ab93db5f4f",
                "principal_name": "[Cloud Citizens]\\Contributors",
                "url": "https://vssps.dev.azure.com/cloudcitizens/_apis/Graph/Groups/vssgp.Uy0xLTktMTU1MTM3NDI0NS00MTYwNTY5MDM0LTE3NjcyMTk5Ny0zMDExNTgyMzk2LTc5NjAwNDU1My0xLTQwODgwMTgxNzAtMjU1ODYzNjYxOS0yNTYwMDYyNTU2LTIwMDYzMzExNjU"
              },
              {
                "description": "Members of this group can create, modify and delete build definitions and manage queued and completed builds.",
                "descriptor": "vssgp.Uy0xLTktMTU1MTM3NDI0NS0yMzQxNjQ0MDAxLTM0ODQ4OTgxMTYtMzE3MDQyNzY3MC05MTIxOTY5NDYtMC0wLTAtMS0y",
                "display_name": "Build Administrators",
                "domain": "vstfs:///Classification/TeamProject/ca3efdf7-880a-4d90-b381-19bc2f7210c9",
                "id": "669872c6-74d7-41ac-aa8d-290a080d2345",
                "mail_address": "",
                "origin": "vsts",
                "origin_id": "669872c6-74d7-41ac-aa8d-290a080d2345",
                "principal_name": "[Cloud Citizens]\\Build Administrators",
                "url": "https://vssps.dev.azure.com/cloudcitizens/_apis/Graph/Groups/vssgp.Uy0xLTktMTU1MTM3NDI0NS0yMzQxNjQ0MDAxLTM0ODQ4OTgxMTYtMzE3MDQyNzY3MC05MTIxOTY5NDYtMC0wLTAtMS0y"
              },
              {
                "description": "Members of this group can perform all operations in the team project.",
                "descriptor": "vssgp.Uy0xLTktMTU1MTM3NDI0NS0yMzQxNjQ0MDAxLTM0ODQ4OTgxMTYtMzE3MDQyNzY3MC05MTIxOTY5NDYtMC0wLTAtMC0x",
                "display_name": "Project Administrators",
                "domain": "vstfs:///Classification/TeamProject/ca3efdf7-880a-4d90-b381-19bc2f7210c9",
                "id": "a2cc7ebd-0fb9-40dc-82fb-f703a6f15a46",
                "mail_address": "",
                "origin": "vsts",
                "origin_id": "a2cc7ebd-0fb9-40dc-82fb-f703a6f15a46",
                "principal_name": "[Cloud Citizens]\\Project Administrators",
                "url": "https://vssps.dev.azure.com/cloudcitizens/_apis/Graph/Groups/vssgp.Uy0xLTktMTU1MTM3NDI0NS0yMzQxNjQ0MDAxLTM0ODQ4OTgxMTYtMzE3MDQyNzY3MC05MTIxOTY5NDYtMC0wLTAtMC0x"
              },
              {
                "description": "Members of this group can perform all operations on Release Management",
                "descriptor": "vssgp.Uy0xLTktMTU1MTM3NDI0NS00MTYwNTY5MDM0LTE3NjcyMTk5Ny0zMDExNTgyMzk2LTc5NjAwNDU1My0xLTE5Nzc0MzM0NC0yNTg5MjcwODYxLTMwMjkwNzE3NzctMTk5Mjg2NzkzMg",
                "display_name": "Release Administrators",
                "domain": "vstfs:///Classification/TeamProject/ca3efdf7-880a-4d90-b381-19bc2f7210c9",
                "id": "b4837c92-6699-4be4-a87b-7f267fc0c60a",
                "mail_address": "",
                "origin": "vsts",
                "origin_id": "b4837c92-6699-4be4-a87b-7f267fc0c60a",
                "principal_name": "[Cloud Citizens]\\Release Administrators",
                "url": "https://vssps.dev.azure.com/cloudcitizens/_apis/Graph/Groups/vssgp.Uy0xLTktMTU1MTM3NDI0NS00MTYwNTY5MDM0LTE3NjcyMTk5Ny0zMDExNTgyMzk2LTc5NjAwNDU1My0xLTE5Nzc0MzM0NC0yNTg5MjcwODYxLTMwMjkwNzE3NzctMTk5Mjg2NzkzMg"
              },
              {
                "description": "Members of this group have access to the team project.",
                "descriptor": "vssgp.Uy0xLTktMTU1MTM3NDI0NS00MTYwNTY5MDM0LTE3NjcyMTk5Ny0zMDExNTgyMzk2LTc5NjAwNDU1My0xLTM4MzUyOTkxNTktMTYyNDg2MDIyOC0yNDE3MTQ3NDMwLTI2MjQ2ODQ3ODY",
                "display_name": "Readers",
                "domain": "vstfs:///Classification/TeamProject/ca3efdf7-880a-4d90-b381-19bc2f7210c9",
                "id": "cc2506d0-4b60-47d6-bd54-c5aead04be3b",
                "mail_address": "",
                "origin": "vsts",
                "origin_id": "cc2506d0-4b60-47d6-bd54-c5aead04be3b",
                "principal_name": "[Cloud Citizens]\\Readers",
                "url": "https://vssps.dev.azure.com/cloudcitizens/_apis/Graph/Groups/vssgp.Uy0xLTktMTU1MTM3NDI0NS00MTYwNTY5MDM0LTE3NjcyMTk5Ny0zMDExNTgyMzk2LTc5NjAwNDU1My0xLTM4MzUyOTkxNTktMTYyNDg2MDIyOC0yNDE3MTQ3NDMwLTI2MjQ2ODQ3ODY"
              },
              {
                "description": "Members of this group have access to the team project.",
                "descriptor": "vssgp.Uy0xLTktMTU1MTM3NDI0NS0yMzQxNjQ0MDAxLTM0ODQ4OTgxMTYtMzE3MDQyNzY3MC05MTIxOTY5NDYtMC0wLTAtMC0z",
                "display_name": "Project Valid Users",
                "domain": "vstfs:///Classification/TeamProject/ca3efdf7-880a-4d90-b381-19bc2f7210c9",
                "id": "32dad5b0-9523-45d0-b37f-28679e1b378b",
                "mail_address": "",
                "origin": "vsts",
                "origin_id": "32dad5b0-9523-45d0-b37f-28679e1b378b",
                "principal_name": "[Cloud Citizens]\\Project Valid Users",
                "url": "https://vssps.dev.azure.com/cloudcitizens/_apis/Graph/Groups/vssgp.Uy0xLTktMTU1MTM3NDI0NS0yMzQxNjQ0MDAxLTM0ODQ4OTgxMTYtMzE3MDQyNzY3MC05MTIxOTY5NDYtMC0wLTAtMC0z"
              },
              {
                "description": "The default project team.",
                "descriptor": "vssgp.Uy0xLTktMTU1MTM3NDI0NS00MTYwNTY5MDM0LTE3NjcyMTk5Ny0zMDExNTgyMzk2LTc5NjAwNDU1My0xLTE0NTUyMDk4NDUtMTg3MjY3NzE5OS0yNDUyNjA5MzA0LTc2MTMyODkw",
                "display_name": "Cloud Citizens Team",
                "domain": "vstfs:///Classification/TeamProject/ca3efdf7-880a-4d90-b381-19bc2f7210c9",
                "id": "8f875b11-276b-4e91-b53d-075c92cea456",
                "mail_address": "",
                "origin": "vsts",
                "origin_id": "8f875b11-276b-4e91-b53d-075c92cea456",
                "principal_name": "[Cloud Citizens]\\Cloud Citizens Team",
                "url": "https://vssps.dev.azure.com/cloudcitizens/_apis/Graph/Groups/vssgp.Uy0xLTktMTU1MTM3NDI0NS00MTYwNTY5MDM0LTE3NjcyMTk5Ny0zMDExNTgyMzk2LTc5NjAwNDU1My0xLTE0NTUyMDk4NDUtMTg3MjY3NzE5OS0yNDUyNjA5MzA0LTc2MTMyODkw"
              }
            ],
            "id": "groups-9cbdb81f-15b3-4dc6-a78c-81936ab629d3",
            "project_id": "ca3efdf7-880a-4d90-b381-19bc2f7210c9"
          },
          "sensitive_attributes": []
        }
      ]
    },
    {
      "module": "module.azuredevops_project[\"Cloud Citizens\"]",
      "mode": "managed",
      "type": "azuredevops_project",
      "name": "this",
      "provider": "provider[\"registry.terraform.io/microsoft/azuredevops\"]",
      "instances": [
        {
          "schema_version": 0,
          "attributes": {
            "description": "",
            "features": {
              "artifacts": "disabled",
              "boards": "disabled",
              "pipelines": "disabled",
              "repositories": "disabled",
              "testplans": "disabled"
            },
            "id": "ca3efdf7-880a-4d90-b381-19bc2f7210c9",
            "name": "Cloud Citizens",
            "process_template_id": "b8a3a935-7e91-48b8-a94c-606d37c3e9f2",
            "timeouts": null,
            "version_control": "Git",
            "visibility": "private",
            "work_item_template": "Basic"
          },
          "sensitive_attributes": [],
          "private": "eyJlMmJmYjczMC1lY2FhLTExZTYtOGY4OC0zNDM2M2JjN2M0YzAiOnsiY3JlYXRlIjo2MDAwMDAwMDAwMDAsImRlbGV0ZSI6NjAwMDAwMDAwMDAwLCJyZWFkIjozMDAwMDAwMDAwMDAsInVwZGF0ZSI6NjAwMDAwMDAwMDAwfX0="
        }
      ]
    },
    {
      "module": "module.azuredevops_project[\"Cloud Citizens\"]",
      "mode": "managed",
      "type": "azuredevops_project_pipeline_settings",
      "name": "this",
      "provider": "provider[\"registry.terraform.io/microsoft/azuredevops\"]",
      "instances": [
        {
          "schema_version": 0,
          "attributes": {
            "enforce_job_scope": true,
            "enforce_job_scope_for_release": true,
            "enforce_referenced_repo_scoped_token": true,
            "enforce_settable_var": true,
            "id": "ca3efdf7-880a-4d90-b381-19bc2f7210c9",
            "project_id": "ca3efdf7-880a-4d90-b381-19bc2f7210c9",
            "publish_pipeline_metadata": false,
            "status_badges_are_private": true
          },
          "sensitive_attributes": [],
          "private": "bnVsbA==",
          "dependencies": [
            "module.azuredevops_project.azuredevops_project.this"
          ]
        }
      ]
    }
  ],
  "check_results": [
    {
      "object_kind": "var",
      "config_addr": "module.azuredevops_project.var.project",
      "status": "pass",
      "objects": [
        {
          "object_addr": "module.azuredevops_project[\"Cloud Citizens\"].var.project",
          "status": "pass"
        }
      ]
    }
  ]
}
