{
  "version": 4,
  "terraform_version": "1.9.2",
  "serial": 1,
  "lineage": "2e2dc69e-5d1a-1c07-c1fa-2254135f1abf",
  "outputs": {},
  "resources": [
    {
      "module": "module.azuredevops_project",
      "mode": "managed",
      "type": "azuredevops_project",
      "name": "this",
      "provider": "provider[\"registry.terraform.io/microsoft/azuredevops\"]",
      "instances": [
        {
          "schema_version": 0,
          "attributes": {
            "description": "",
            "features": null,
            "id": "34aa92c2-529a-4cef-bd21-183322df98d6",
            "name": "cloudcitizens",
            "process_template_id": "adcc42ab-9882-485e-a3ed-7678f01f66bc",
            "timeouts": null,
            "version_control": "Git",
            "visibility": "private",
            "work_item_template": "Agile"
          },
          "sensitive_attributes": [],
          "private": "eyJlMmJmYjczMC1lY2FhLTExZTYtOGY4OC0zNDM2M2JjN2M0YzAiOnsiY3JlYXRlIjo2MDAwMDAwMDAwMDAsImRlbGV0ZSI6NjAwMDAwMDAwMDAwLCJyZWFkIjozMDAwMDAwMDAwMDAsInVwZGF0ZSI6NjAwMDAwMDAwMDAwfX0="
        }
      ]
    }
  ],
  "check_results": null
}
